
Microsoft Visual Studio Solution File, Format Version 12.00
# Visual Studio Version 17
VisualStudioVersion = 17.5.33414.496
MinimumVisualStudioVersion = 10.0.40219.1
Project("{FAE04EC0-301F-11D3-BF4B-00C04F79EFBC}") = "CursoXamarinForms.Android", "CursoXamarinForms.Android\CursoXamarinForms.Android.csproj", "{2B6F8004-086B-4C0D-8518-0385680B746E}"
EndProject
Project("{FAE04EC0-301F-11D3-BF4B-00C04F79EFBC}") = "CursoXamarinForms", "CursoXamarinForms\CursoXamarinForms.csproj", "{479BADB3-4514-492D-A350-0F4FBE6CF9D4}"
EndProject
Global
	GlobalSection(SolutionConfigurationPlatforms) = preSolution
		Debug|Any CPU = Debug|Any CPU
		Release|Any CPU = Release|Any CPU
	EndGlobalSection
	GlobalSection(ProjectConfigurationPlatforms) = postSolution
		{2B6F8004-086B-4C0D-8518-0385680B746E}.Debug|Any CPU.ActiveCfg = Debug|Any CPU
		{2B6F8004-086B-4C0D-8518-0385680B746E}.Debug|Any CPU.Build.0 = Debug|Any CPU
		{2B6F8004-086B-4C0D-8518-0385680B746E}.Debug|Any CPU.Deploy.0 = Debug|Any CPU
		{2B6F8004-086B-4C0D-8518-0385680B746E}.Release|Any CPU.ActiveCfg = Release|Any CPU
		{2B6F8004-086B-4C0D-8518-0385680B746E}.Release|Any CPU.Build.0 = Release|Any CPU
		{2B6F8004-086B-4C0D-8518-0385680B746E}.Release|Any CPU.Deploy.0 = Release|Any CPU
		{479BADB3-4514-492D-A350-0F4FBE6CF9D4}.Debug|Any CPU.ActiveCfg = Debug|Any CPU
		{479BADB3-4514-492D-A350-0F4FBE6CF9D4}.Debug|Any CPU.Build.0 = Debug|Any CPU
		{479BADB3-4514-492D-A350-0F4FBE6CF9D4}.Release|Any CPU.ActiveCfg = Release|Any CPU
		{479BADB3-4514-492D-A350-0F4FBE6CF9D4}.Release|Any CPU.Build.0 = Release|Any CPU
	EndGlobalSection
	GlobalSection(SolutionProperties) = preSolution
		HideSolutionNode = FALSE
	EndGlobalSection
	GlobalSection(ExtensibilityGlobals) = postSolution
		SolutionGuid = {EC5A9B6F-B85A-4ADF-B10B-1FEE4F450C1E}
	EndGlobalSection
EndGlobal
